
Microsoft Visual Studio Solution File, Format Version 12.00
# Visual Studio 15
VisualStudioVersion = 15.0.28010.2026
MinimumVisualStudioVersion = 10.0.40219.1
Project("{8BC9CEB8-8B4A-11D0-8D11-00A0C91BC942}") = "Pass", "Pass\Pass.vcxproj", "{D2ABD0D3-59D5-4928-B735-A5E7408D4823}"
EndProject
Project("{8BC9CEB8-8B4A-11D0-8D11-00A0C91BC942}") = "ConsoleApplication1", "ConsoleApplication1\ConsoleApplication1.vcxproj", "{CD2C234D-3FF7-432A-B2E1-1893352E96F1}"
EndProject
Global
	GlobalSection(SolutionConfigurationPlatforms) = preSolution
		Debug|x64 = Debug|x64
		Debug|x86 = Debug|x86
		Release|x64 = Release|x64
		Release|x86 = Release|x86
	EndGlobalSection
	GlobalSection(ProjectConfigurationPlatforms) = postSolution
		{D2ABD0D3-59D5-4928-B735-A5E7408D4823}.Debug|x64.ActiveCfg = Debug|x64
		{D2ABD0D3-59D5-4928-B735-A5E7408D4823}.Debug|x64.Build.0 = Debug|x64
		{D2ABD0D3-59D5-4928-B735-A5E7408D4823}.Debug|x86.ActiveCfg = Debug|Win32
		{D2ABD0D3-59D5-4928-B735-A5E7408D4823}.Debug|x86.Build.0 = Debug|Win32
		{D2ABD0D3-59D5-4928-B735-A5E7408D4823}.Release|x64.ActiveCfg = Release|x64
		{D2ABD0D3-59D5-4928-B735-A5E7408D4823}.Release|x64.Build.0 = Release|x64
		{D2ABD0D3-59D5-4928-B735-A5E7408D4823}.Release|x86.ActiveCfg = Release|Win32
		{D2ABD0D3-59D5-4928-B735-A5E7408D4823}.Release|x86.Build.0 = Release|Win32
		{CD2C234D-3FF7-432A-B2E1-1893352E96F1}.Debug|x64.ActiveCfg = Debug|x64
		{CD2C234D-3FF7-432A-B2E1-1893352E96F1}.Debug|x64.Build.0 = Debug|x64
		{CD2C234D-3FF7-432A-B2E1-1893352E96F1}.Debug|x86.ActiveCfg = Debug|Win32
		{CD2C234D-3FF7-432A-B2E1-1893352E96F1}.Debug|x86.Build.0 = Debug|Win32
		{CD2C234D-3FF7-432A-B2E1-1893352E96F1}.Release|x64.ActiveCfg = Release|x64
		{CD2C234D-3FF7-432A-B2E1-1893352E96F1}.Release|x64.Build.0 = Release|x64
		{CD2C234D-3FF7-432A-B2E1-1893352E96F1}.Release|x86.ActiveCfg = Release|Win32
		{CD2C234D-3FF7-432A-B2E1-1893352E96F1}.Release|x86.Build.0 = Release|Win32
	EndGlobalSection
	GlobalSection(SolutionProperties) = preSolution
		HideSolutionNode = FALSE
	EndGlobalSection
	GlobalSection(ExtensibilityGlobals) = postSolution
		SolutionGuid = {F6239DED-DDF6-4E2D-A691-1E6A3652BC79}
	EndGlobalSection
EndGlobal
